
Microsoft Visual Studio Solution File, Format Version 12.00
# Visual Studio 15
VisualStudioVersion = 15.0.27004.2005
MinimumVisualStudioVersion = 10.0.40219.1
Project("{FAE04EC0-301F-11D3-BF4B-00C04F79EFBC}") = "RAK", "RAK\RAK.csproj", "{ADA9ADA4-86BE-4E35-B5C0-50456A25A76E}"
EndProject
Global
	GlobalSection(SolutionConfigurationPlatforms) = preSolution
		Debug|Any CPU = Debug|Any CPU
		Debug|x64 = Debug|x64
		Release|Any CPU = Release|Any CPU
		Release|x64 = Release|x64
	EndGlobalSection
	GlobalSection(ProjectConfigurationPlatforms) = postSolution
		{ADA9ADA4-86BE-4E35-B5C0-50456A25A76E}.Debug|Any CPU.ActiveCfg = Debug|Any CPU
		{ADA9ADA4-86BE-4E35-B5C0-50456A25A76E}.Debug|Any CPU.Build.0 = Debug|Any CPU
		{ADA9ADA4-86BE-4E35-B5C0-50456A25A76E}.Debug|x64.ActiveCfg = Debug|Any CPU
		{ADA9ADA4-86BE-4E35-B5C0-50456A25A76E}.Debug|x64.Build.0 = Debug|Any CPU
		{ADA9ADA4-86BE-4E35-B5C0-50456A25A76E}.Release|Any CPU.ActiveCfg = Release|Any CPU
		{ADA9ADA4-86BE-4E35-B5C0-50456A25A76E}.Release|Any CPU.Build.0 = Release|Any CPU
		{ADA9ADA4-86BE-4E35-B5C0-50456A25A76E}.Release|x64.ActiveCfg = Release|Any CPU
		{ADA9ADA4-86BE-4E35-B5C0-50456A25A76E}.Release|x64.Build.0 = Release|Any CPU
	EndGlobalSection
	GlobalSection(SolutionProperties) = preSolution
		HideSolutionNode = FALSE
	EndGlobalSection
	GlobalSection(ExtensibilityGlobals) = postSolution
		SolutionGuid = {C7760A9A-2FF3-4FBE-BCAD-DE3CD1AF6E0A}
	EndGlobalSection
EndGlobal
